// !$*UTF8*$!
{
	archiveVersion = 1;
	classes = {
	};
	objectVersion = 56;
	objects = {

/* Begin PBXBuildFile section */
		C92BF5482A210D0F006E76DA /* Article.swift in Sources */ = {isa = PBXBuildFile; fileRef = C92BF5472A210D0F006E76DA /* Article.swift */; };
		C92BF54B2A2110FB006E76DA /* ArticleTableViewCell.swift in Sources */ = {isa = PBXBuildFile; fileRef = C92BF54A2A2110FB006E76DA /* ArticleTableViewCell.swift */; };
		C93693492A20EDC700D99B8F /* AppDelegate.swift in Sources */ = {isa = PBXBuildFile; fileRef = C93693482A20EDC700D99B8F /* AppDelegate.swift */; };
		C936934B2A20EDC800D99B8F /* SceneDelegate.swift in Sources */ = {isa = PBXBuildFile; fileRef = C936934A2A20EDC800D99B8F /* SceneDelegate.swift */; };
		C93693502A20EDC800D99B8F /* Main.storyboard in Resources */ = {isa = PBXBuildFile; fileRef = C936934E2A20EDC800D99B8F /* Main.storyboard */; };
		C93693522A20EDC900D99B8F /* Assets.xcassets in Resources */ = {isa = PBXBuildFile; fileRef = C93693512A20EDC900D99B8F /* Assets.xcassets */; };
		C93693552A20EDC900D99B8F /* LaunchScreen.storyboard in Resources */ = {isa = PBXBuildFile; fileRef = C93693532A20EDC900D99B8F /* LaunchScreen.storyboard */; };
		C936935D2A20F5CE00D99B8F /* NewsTableViewController.swift in Sources */ = {isa = PBXBuildFile; fileRef = C936935C2A20F5CE00D99B8F /* NewsTableViewController.swift */; };
		E2DA10763F79FCCF81850667 /* Pods_newsApp_rxSwift.framework in Frameworks */ = {isa = PBXBuildFile; fileRef = D498E357F9A4EC0007519774 /* Pods_newsApp_rxSwift.framework */; };
/* End PBXBuildFile section */

/* Begin PBXFileReference section */
		515A013FEA796973E2F9F4AF /* Pods-newsApp-rxSwift.release.xcconfig */ = {isa = PBXFileReference; includeInIndex = 1; lastKnownFileType = text.xcconfig; name = "Pods-newsApp-rxSwift.release.xcconfig"; path = "Target Support Files/Pods-newsApp-rxSwift/Pods-newsApp-rxSwift.release.xcconfig"; sourceTree = "<group>"; };
		517D476702BFA1EFAEF02E56 /* Pods-newsApp-rxSwift.debug.xcconfig */ = {isa = PBXFileReference; includeInIndex = 1; lastKnownFileType = text.xcconfig; name = "Pods-newsApp-rxSwift.debug.xcconfig"; path = "Target Support Files/Pods-newsApp-rxSwift/Pods-newsApp-rxSwift.debug.xcconfig"; sourceTree = "<group>"; };
		C92BF5472A210D0F006E76DA /* Article.swift */ = {isa = PBXFileReference; lastKnownFileType = sourcecode.swift; path = Article.swift; sourceTree = "<group>"; };
		C92BF54A2A2110FB006E76DA /* ArticleTableViewCell.swift */ = {isa = PBXFileReference; lastKnownFileType = sourcecode.swift; path = ArticleTableViewCell.swift; sourceTree = "<group>"; };
		C93693452A20EDC700D99B8F /* newsApp-rxSwift.app */ = {isa = PBXFileReference; explicitFileType = wrapper.application; includeInIndex = 0; path = "newsApp-rxSwift.app"; sourceTree = BUILT_PRODUCTS_DIR; };
		C93693482A20EDC700D99B8F /* AppDelegate.swift */ = {isa = PBXFileReference; lastKnownFileType = sourcecode.swift; path = AppDelegate.swift; sourceTree = "<group>"; };
		C936934A2A20EDC800D99B8F /* SceneDelegate.swift */ = {isa = PBXFileReference; lastKnownFileType = sourcecode.swift; path = SceneDelegate.swift; sourceTree = "<group>"; };
		C936934F2A20EDC800D99B8F /* Base */ = {isa = PBXFileReference; lastKnownFileType = file.storyboard; name = Base; path = Base.lproj/Main.storyboard; sourceTree = "<group>"; };
		C93693512A20EDC900D99B8F /* Assets.xcassets */ = {isa = PBXFileReference; lastKnownFileType = folder.assetcatalog; path = Assets.xcassets; sourceTree = "<group>"; };
		C93693542A20EDC900D99B8F /* Base */ = {isa = PBXFileReference; lastKnownFileType = file.storyboard; name = Base; path = Base.lproj/LaunchScreen.storyboard; sourceTree = "<group>"; };
		C93693562A20EDC900D99B8F /* Info.plist */ = {isa = PBXFileReference; lastKnownFileType = text.plist.xml; path = Info.plist; sourceTree = "<group>"; };
		C936935C2A20F5CE00D99B8F /* NewsTableViewController.swift */ = {isa = PBXFileReference; lastKnownFileType = sourcecode.swift; path = NewsTableViewController.swift; sourceTree = "<group>"; };
		D498E357F9A4EC0007519774 /* Pods_newsApp_rxSwift.framework */ = {isa = PBXFileReference; explicitFileType = wrapper.framework; includeInIndex = 0; path = Pods_newsApp_rxSwift.framework; sourceTree = BUILT_PRODUCTS_DIR; };
/* End PBXFileReference section */

/* Begin PBXFrameworksBuildPhase section */
		C93693422A20EDC700D99B8F /* Frameworks */ = {
			isa = PBXFrameworksBuildPhase;
			buildActionMask = 2147483647;
			files = (
				E2DA10763F79FCCF81850667 /* Pods_newsApp_rxSwift.framework in Frameworks */,
			);
			runOnlyForDeploymentPostprocessing = 0;
		};
/* End PBXFrameworksBuildPhase section */

/* Begin PBXGroup section */
		34E34C872B989489D0B59FA3 /* Frameworks */ = {
			isa = PBXGroup;
			children = (
				D498E357F9A4EC0007519774 /* Pods_newsApp_rxSwift.framework */,
			);
			name = Frameworks;
			sourceTree = "<group>";
		};
		C92BF5462A210CFA006E76DA /* Models */ = {
			isa = PBXGroup;
			children = (
				C92BF5472A210D0F006E76DA /* Article.swift */,
			);
			path = Models;
			sourceTree = "<group>";
		};
		C92BF5492A2110CB006E76DA /* Cells */ = {
			isa = PBXGroup;
			children = (
				C92BF54A2A2110FB006E76DA /* ArticleTableViewCell.swift */,
			);
			path = Cells;
			sourceTree = "<group>";
		};
		C936933C2A20EDC700D99B8F = {
			isa = PBXGroup;
			children = (
				C93693472A20EDC700D99B8F /* newsApp-rxSwift */,
				C93693462A20EDC700D99B8F /* Products */,
				F76FAAE4AE28ADE246ACD164 /* Pods */,
				34E34C872B989489D0B59FA3 /* Frameworks */,
			);
			sourceTree = "<group>";
		};
		C93693462A20EDC700D99B8F /* Products */ = {
			isa = PBXGroup;
			children = (
				C93693452A20EDC700D99B8F /* newsApp-rxSwift.app */,
			);
			name = Products;
			sourceTree = "<group>";
		};
		C93693472A20EDC700D99B8F /* newsApp-rxSwift */ = {
			isa = PBXGroup;
			children = (
				C92BF5492A2110CB006E76DA /* Cells */,
				C92BF5462A210CFA006E76DA /* Models */,
				C93693482A20EDC700D99B8F /* AppDelegate.swift */,
				C936934A2A20EDC800D99B8F /* SceneDelegate.swift */,
				C936934E2A20EDC800D99B8F /* Main.storyboard */,
				C93693512A20EDC900D99B8F /* Assets.xcassets */,
				C93693532A20EDC900D99B8F /* LaunchScreen.storyboard */,
				C93693562A20EDC900D99B8F /* Info.plist */,
				C936935C2A20F5CE00D99B8F /* NewsTableViewController.swift */,
			);
			path = "newsApp-rxSwift";
			sourceTree = "<group>";
		};
		F76FAAE4AE28ADE246ACD164 /* Pods */ = {
			isa = PBXGroup;
			children = (
				517D476702BFA1EFAEF02E56 /* Pods-newsApp-rxSwift.debug.xcconfig */,
				515A013FEA796973E2F9F4AF /* Pods-newsApp-rxSwift.release.xcconfig */,
			);
			path = Pods;
			sourceTree = "<group>";
		};
/* End PBXGroup section */

/* Begin PBXNativeTarget section */
		C93693442A20EDC700D99B8F /* newsApp-rxSwift */ = {
			isa = PBXNativeTarget;
			buildConfigurationList = C93693592A20EDC900D99B8F /* Build configuration list for PBXNativeTarget "newsApp-rxSwift" */;
			buildPhases = (
				E29CCD99EF88EA1ECEA762FB /* [CP] Check Pods Manifest.lock */,
				C93693412A20EDC700D99B8F /* Sources */,
				C93693422A20EDC700D99B8F /* Frameworks */,
				C93693432A20EDC700D99B8F /* Resources */,
				83A760721DCBF4E5265644A1 /* [CP] Embed Pods Frameworks */,
			);
			buildRules = (
			);
			dependencies = (
			);
			name = "newsApp-rxSwift";
			productName = "newsApp-rxSwift";
			productReference = C93693452A20EDC700D99B8F /* newsApp-rxSwift.app */;
			productType = "com.apple.product-type.application";
		};
/* End PBXNativeTarget section */

/* Begin PBXProject section */
		C936933D2A20EDC700D99B8F /* Project object */ = {
			isa = PBXProject;
			attributes = {
				BuildIndependentTargetsInParallel = 1;
				LastSwiftUpdateCheck = 1420;
				LastUpgradeCheck = 1420;
				TargetAttributes = {
					C93693442A20EDC700D99B8F = {
						CreatedOnToolsVersion = 14.2;
					};
				};
			};
			buildConfigurationList = C93693402A20EDC700D99B8F /* Build configuration list for PBXProject "newsApp-rxSwift" */;
			compatibilityVersion = "Xcode 14.0";
			developmentRegion = en;
			hasScannedForEncodings = 0;
			knownRegions = (
				en,
				Base,
			);
			mainGroup = C936933C2A20EDC700D99B8F;
			productRefGroup = C93693462A20EDC700D99B8F /* Products */;
			projectDirPath = "";
			projectRoot = "";
			targets = (
				C93693442A20EDC700D99B8F /* newsApp-rxSwift */,
			);
		};
/* End PBXProject section */

/* Begin PBXResourcesBuildPhase section */
		C93693432A20EDC700D99B8F /* Resources */ = {
			isa = PBXResourcesBuildPhase;
			buildActionMask = 2147483647;
			files = (
				C93693552A20EDC900D99B8F /* LaunchScreen.storyboard in Resources */,
				C93693522A20EDC900D99B8F /* Assets.xcassets in Resources */,
				C93693502A20EDC800D99B8F /* Main.storyboard in Resources */,
			);
			runOnlyForDeploymentPostprocessing = 0;
		};
/* End PBXResourcesBuildPhase section */

/* Begin PBXShellScriptBuildPhase section */
		83A760721DCBF4E5265644A1 /* [CP] Embed Pods Frameworks */ = {
			isa = PBXShellScriptBuildPhase;
			buildActionMask = 2147483647;
			files = (
			);
			inputFileListPaths = (
				"${PODS_ROOT}/Target Support Files/Pods-newsApp-rxSwift/Pods-newsApp-rxSwift-frameworks-${CONFIGURATION}-input-files.xcfilelist",
			);
			name = "[CP] Embed Pods Frameworks";
			outputFileListPaths = (
				"${PODS_ROOT}/Target Support Files/Pods-newsApp-rxSwift/Pods-newsApp-rxSwift-frameworks-${CONFIGURATION}-output-files.xcfilelist",
			);
			runOnlyForDeploymentPostprocessing = 0;
			shellPath = /bin/sh;
			shellScript = "\"${PODS_ROOT}/Target Support Files/Pods-newsApp-rxSwift/Pods-newsApp-rxSwift-frameworks.sh\"\n";
			showEnvVarsInLog = 0;
		};
		E29CCD99EF88EA1ECEA762FB /* [CP] Check Pods Manifest.lock */ = {
			isa = PBXShellScriptBuildPhase;
			buildActionMask = 2147483647;
			files = (
			);
			inputFileListPaths = (
			);
			inputPaths = (
				"${PODS_PODFILE_DIR_PATH}/Podfile.lock",
				"${PODS_ROOT}/Manifest.lock",
			);
			name = "[CP] Check Pods Manifest.lock";
			outputFileListPaths = (
			);
			outputPaths = (
				"$(DERIVED_FILE_DIR)/Pods-newsApp-rxSwift-checkManifestLockResult.txt",
			);
			runOnlyForDeploymentPostprocessing = 0;
			shellPath = /bin/sh;
			shellScript = "diff \"${PODS_PODFILE_DIR_PATH}/Podfile.lock\" \"${PODS_ROOT}/Manifest.lock\" > /dev/null\nif [ $? != 0 ] ; then\n    # print error to STDERR\n    echo \"error: The sandbox is not in sync with the Podfile.lock. Run 'pod install' or update your CocoaPods installation.\" >&2\n    exit 1\nfi\n# This output is used by Xcode 'outputs' to avoid re-running this script phase.\necho \"SUCCESS\" > \"${SCRIPT_OUTPUT_FILE_0}\"\n";
			showEnvVarsInLog = 0;
		};
/* End PBXShellScriptBuildPhase section */

/* Begin PBXSourcesBuildPhase section */
		C93693412A20EDC700D99B8F /* Sources */ = {
			isa = PBXSourcesBuildPhase;
			buildActionMask = 2147483647;
			files = (
				C92BF54B2A2110FB006E76DA /* ArticleTableViewCell.swift in Sources */,
				C92BF5482A210D0F006E76DA /* Article.swift in Sources */,
				C93693492A20EDC700D99B8F /* AppDelegate.swift in Sources */,
				C936934B2A20EDC800D99B8F /* SceneDelegate.swift in Sources */,
				C936935D2A20F5CE00D99B8F /* NewsTableViewController.swift in Sources */,
			);
			runOnlyForDeploymentPostprocessing = 0;
		};
/* End PBXSourcesBuildPhase section */

/* Begin PBXVariantGroup section */
		C936934E2A20EDC800D99B8F /* Main.storyboard */ = {
			isa = PBXVariantGroup;
			children = (
				C936934F2A20EDC800D99B8F /* Base */,
			);
			name = Main.storyboard;
			sourceTree = "<group>";
		};
		C93693532A20EDC900D99B8F /* LaunchScreen.storyboard */ = {
			isa = PBXVariantGroup;
			children = (
				C93693542A20EDC900D99B8F /* Base */,
			);
			name = LaunchScreen.storyboard;
			sourceTree = "<group>";
		};
/* End PBXVariantGroup section */

/* Begin XCBuildConfiguration section */
		C93693572A20EDC900D99B8F /* Debug */ = {
			isa = XCBuildConfiguration;
			buildSettings = {
				ALWAYS_SEARCH_USER_PATHS = NO;
				CLANG_ANALYZER_NONNULL = YES;
				CLANG_ANALYZER_NUMBER_OBJECT_CONVERSION = YES_AGGRESSIVE;
				CLANG_CXX_LANGUAGE_STANDARD = "gnu++20";
				CLANG_ENABLE_MODULES = YES;
				CLANG_ENABLE_OBJC_ARC = YES;
				CLANG_ENABLE_OBJC_WEAK = YES;
				CLANG_WARN_BLOCK_CAPTURE_AUTORELEASING = YES;
				CLANG_WARN_BOOL_CONVERSION = YES;
				CLANG_WARN_COMMA = YES;
				CLANG_WARN_CONSTANT_CONVERSION = YES;
				CLANG_WARN_DEPRECATED_OBJC_IMPLEMENTATIONS = YES;
				CLANG_WARN_DIRECT_OBJC_ISA_USAGE = YES_ERROR;
				CLANG_WARN_DOCUMENTATION_COMMENTS = YES;
				CLANG_WARN_EMPTY_BODY = YES;
				CLANG_WARN_ENUM_CONVERSION = YES;
				CLANG_WARN_INFINITE_RECURSION = YES;
				CLANG_WARN_INT_CONVERSION = YES;
				CLANG_WARN_NON_LITERAL_NULL_CONVERSION = YES;
				CLANG_WARN_OBJC_IMPLICIT_RETAIN_SELF = YES;
				CLANG_WARN_OBJC_LITERAL_CONVERSION = YES;
				CLANG_WARN_OBJC_ROOT_CLASS = YES_ERROR;
				CLANG_WARN_QUOTED_INCLUDE_IN_FRAMEWORK_HEADER = YES;
				CLANG_WARN_RANGE_LOOP_ANALYSIS = YES;
				CLANG_WARN_STRICT_PROTOTYPES = YES;
				CLANG_WARN_SUSPICIOUS_MOVE = YES;
				CLANG_WARN_UNGUARDED_AVAILABILITY = YES_AGGRESSIVE;
				CLANG_WARN_UNREACHABLE_CODE = YES;
				CLANG_WARN__DUPLICATE_METHOD_MATCH = YES;
				COPY_PHASE_STRIP = NO;
				DEBUG_INFORMATION_FORMAT = dwarf;
				ENABLE_STRICT_OBJC_MSGSEND = YES;
				ENABLE_TESTABILITY = YES;
				GCC_C_LANGUAGE_STANDARD = gnu11;
				GCC_DYNAMIC_NO_PIC = NO;
				GCC_NO_COMMON_BLOCKS = YES;
				GCC_OPTIMIZATION_LEVEL = 0;
				GCC_PREPROCESSOR_DEFINITIONS = (
					"DEBUG=1",
					"$(inherited)",
				);
				GCC_WARN_64_TO_32_BIT_CONVERSION = YES;
				GCC_WARN_ABOUT_RETURN_TYPE = YES_ERROR;
				GCC_WARN_UNDECLARED_SELECTOR = YES;
				GCC_WARN_UNINITIALIZED_AUTOS = YES_AGGRESSIVE;
				GCC_WARN_UNUSED_FUNCTION = YES;
				GCC_WARN_UNUSED_VARIABLE = YES;
				IPHONEOS_DEPLOYMENT_TARGET = 16.2;
				MTL_ENABLE_DEBUG_INFO = INCLUDE_SOURCE;
				MTL_FAST_MATH = YES;
				ONLY_ACTIVE_ARCH = YES;
				SDKROOT = iphoneos;
				SWIFT_ACTIVE_COMPILATION_CONDITIONS = DEBUG;
				SWIFT_OPTIMIZATION_LEVEL = "-Onone";
			};
			name = Debug;
		};
		C93693582A20EDC900D99B8F /* Release */ = {
			isa = XCBuildConfiguration;
			buildSettings = {
				ALWAYS_SEARCH_USER_PATHS = NO;
				CLANG_ANALYZER_NONNULL = YES;
				CLANG_ANALYZER_NUMBER_OBJECT_CONVERSION = YES_AGGRESSIVE;
				CLANG_CXX_LANGUAGE_STANDARD = "gnu++20";
				CLANG_ENABLE_MODULES = YES;
				CLANG_ENABLE_OBJC_ARC = YES;
				CLANG_ENABLE_OBJC_WEAK = YES;
				CLANG_WARN_BLOCK_CAPTURE_AUTORELEASING = YES;
				CLANG_WARN_BOOL_CONVERSION = YES;
				CLANG_WARN_COMMA = YES;
				CLANG_WARN_CONSTANT_CONVERSION = YES;
				CLANG_WARN_DEPRECATED_OBJC_IMPLEMENTATIONS = YES;
				CLANG_WARN_DIRECT_OBJC_ISA_USAGE = YES_ERROR;
				CLANG_WARN_DOCUMENTATION_COMMENTS = YES;
				CLANG_WARN_EMPTY_BODY = YES;
				CLANG_WARN_ENUM_CONVERSION = YES;
				CLANG_WARN_INFINITE_RECURSION = YES;
				CLANG_WARN_INT_CONVERSION = YES;
				CLANG_WARN_NON_LITERAL_NULL_CONVERSION = YES;
				CLANG_WARN_OBJC_IMPLICIT_RETAIN_SELF = YES;
				CLANG_WARN_OBJC_LITERAL_CONVERSION = YES;
				CLANG_WARN_OBJC_ROOT_CLASS = YES_ERROR;
				CLANG_WARN_QUOTED_INCLUDE_IN_FRAMEWORK_HEADER = YES;
				CLANG_WARN_RANGE_LOOP_ANALYSIS = YES;
				CLANG_WARN_STRICT_PROTOTYPES = YES;
				CLANG_WARN_SUSPICIOUS_MOVE = YES;
				CLANG_WARN_UNGUARDED_AVAILABILITY = YES_AGGRESSIVE;
				CLANG_WARN_UNREACHABLE_CODE = YES;
				CLANG_WARN__DUPLICATE_METHOD_MATCH = YES;
				COPY_PHASE_STRIP = NO;
				DEBUG_INFORMATION_FORMAT = "dwarf-with-dsym";
				ENABLE_NS_ASSERTIONS = NO;
				ENABLE_STRICT_OBJC_MSGSEND = YES;
				GCC_C_LANGUAGE_STANDARD = gnu11;
				GCC_NO_COMMON_BLOCKS = YES;
				GCC_WARN_64_TO_32_BIT_CONVERSION = YES;
				GCC_WARN_ABOUT_RETURN_TYPE = YES_ERROR;
				GCC_WARN_UNDECLARED_SELECTOR = YES;
				GCC_WARN_UNINITIALIZED_AUTOS = YES_AGGRESSIVE;
				GCC_WARN_UNUSED_FUNCTION = YES;
				GCC_WARN_UNUSED_VARIABLE = YES;
				IPHONEOS_DEPLOYMENT_TARGET = 16.2;
				MTL_ENABLE_DEBUG_INFO = NO;
				MTL_FAST_MATH = YES;
				SDKROOT = iphoneos;
				SWIFT_COMPILATION_MODE = wholemodule;
				SWIFT_OPTIMIZATION_LEVEL = "-O";
				VALIDATE_PRODUCT = YES;
			};
			name = Release;
		};
		C936935A2A20EDC900D99B8F /* Debug */ = {
			isa = XCBuildConfiguration;
			baseConfigurationReference = 517D476702BFA1EFAEF02E56 /* Pods-newsApp-rxSwift.debug.xcconfig */;
			buildSettings = {
				ASSETCATALOG_COMPILER_APPICON_NAME = AppIcon;
				ASSETCATALOG_COMPILER_GLOBAL_ACCENT_COLOR_NAME = AccentColor;
				CODE_SIGN_STYLE = Automatic;
				CURRENT_PROJECT_VERSION = 1;
				GENERATE_INFOPLIST_FILE = YES;
				INFOPLIST_FILE = "newsApp-rxSwift/Info.plist";
				INFOPLIST_KEY_UIApplicationSupportsIndirectInputEvents = YES;
				INFOPLIST_KEY_UILaunchStoryboardName = LaunchScreen;
				INFOPLIST_KEY_UIMainStoryboardFile = Main;
				INFOPLIST_KEY_UIStatusBarStyle = UIStatusBarStyleLightContent;
				INFOPLIST_KEY_UISupportedInterfaceOrientations_iPad = "UIInterfaceOrientationPortrait UIInterfaceOrientationPortraitUpsideDown UIInterfaceOrientationLandscapeLeft UIInterfaceOrientationLandscapeRight";
				INFOPLIST_KEY_UISupportedInterfaceOrientations_iPhone = "UIInterfaceOrientationPortrait UIInterfaceOrientationLandscapeLeft UIInterfaceOrientationLandscapeRight";
				LD_RUNPATH_SEARCH_PATHS = (
					"$(inherited)",
					"@executable_path/Frameworks",
				);
				MARKETING_VERSION = 1.0;
				PRODUCT_BUNDLE_IDENTIFIER = "sultan.newsApp-rxSwift";
				PRODUCT_NAME = "$(TARGET_NAME)";
				SWIFT_EMIT_LOC_STRINGS = YES;
				SWIFT_VERSION = 5.0;
				TARGETED_DEVICE_FAMILY = "1,2";
			};
			name = Debug;
		};
		C936935B2A20EDC900D99B8F /* Release */ = {
			isa = XCBuildConfiguration;
			baseConfigurationReference = 515A013FEA796973E2F9F4AF /* Pods-newsApp-rxSwift.release.xcconfig */;
			buildSettings = {
				ASSETCATALOG_COMPILER_APPICON_NAME = AppIcon;
				ASSETCATALOG_COMPILER_GLOBAL_ACCENT_COLOR_NAME = AccentColor;
				CODE_SIGN_STYLE = Automatic;
				CURRENT_PROJECT_VERSION = 1;
				GENERATE_INFOPLIST_FILE = YES;
				INFOPLIST_FILE = "newsApp-rxSwift/Info.plist";
				INFOPLIST_KEY_UIApplicationSupportsIndirectInputEvents = YES;
				INFOPLIST_KEY_UILaunchStoryboardName = LaunchScreen;
				INFOPLIST_KEY_UIMainStoryboardFile = Main;
				INFOPLIST_KEY_UIStatusBarStyle = UIStatusBarStyleLightContent;
				INFOPLIST_KEY_UISupportedInterfaceOrientations_iPad = "UIInterfaceOrientationPortrait UIInterfaceOrientationPortraitUpsideDown UIInterfaceOrientationLandscapeLeft UIInterfaceOrientationLandscapeRight";
				INFOPLIST_KEY_UISupportedInterfaceOrientations_iPhone = "UIInterfaceOrientationPortrait UIInterfaceOrientationLandscapeLeft UIInterfaceOrientationLandscapeRight";
				LD_RUNPATH_SEARCH_PATHS = (
					"$(inherited)",
					"@executable_path/Frameworks",
				);
				MARKETING_VERSION = 1.0;
				PRODUCT_BUNDLE_IDENTIFIER = "sultan.newsApp-rxSwift";
				PRODUCT_NAME = "$(TARGET_NAME)";
				SWIFT_EMIT_LOC_STRINGS = YES;
				SWIFT_VERSION = 5.0;
				TARGETED_DEVICE_FAMILY = "1,2";
			};
			name = Release;
		};
/* End XCBuildConfiguration section */

/* Begin XCConfigurationList section */
		C93693402A20EDC700D99B8F /* Build configuration list for PBXProject "newsApp-rxSwift" */ = {
			isa = XCConfigurationList;
			buildConfigurations = (
				C93693572A20EDC900D99B8F /* Debug */,
				C93693582A20EDC900D99B8F /* Release */,
			);
			defaultConfigurationIsVisible = 0;
			defaultConfigurationName = Release;
		};
		C93693592A20EDC900D99B8F /* Build configuration list for PBXNativeTarget "newsApp-rxSwift" */ = {
			isa = XCConfigurationList;
			buildConfigurations = (
				C936935A2A20EDC900D99B8F /* Debug */,
				C936935B2A20EDC900D99B8F /* Release */,
			);
			defaultConfigurationIsVisible = 0;
			defaultConfigurationName = Release;
		};
/* End XCConfigurationList section */
	};
	rootObject = C936933D2A20EDC700D99B8F /* Project object */;
}
